
Microsoft Visual Studio Solution File, Format Version 12.00
# Visual Studio Version 17
VisualStudioVersion = 17.14.36603.0 d17.14
MinimumVisualStudioVersion = 10.0.40219.1
Project("{FAE04EC0-301F-11D3-BF4B-00C04F79EFBC}") = "RabbitConsumerService", "RabbitConsumerService.csproj", "{6543874C-FAEB-4247-82E2-3EA011439F68}"
EndProject
Global
	GlobalSection(SolutionConfigurationPlatforms) = preSolution
		Debug|Any CPU = Debug|Any CPU
		Release|Any CPU = Release|Any CPU
	EndGlobalSection
	GlobalSection(ProjectConfigurationPlatforms) = postSolution
		{6543874C-FAEB-4247-82E2-3EA011439F68}.Debug|Any CPU.ActiveCfg = Debug|Any CPU
		{6543874C-FAEB-4247-82E2-3EA011439F68}.Debug|Any CPU.Build.0 = Debug|Any CPU
		{6543874C-FAEB-4247-82E2-3EA011439F68}.Release|Any CPU.ActiveCfg = Release|Any CPU
		{6543874C-FAEB-4247-82E2-3EA011439F68}.Release|Any CPU.Build.0 = Release|Any CPU
	EndGlobalSection
	GlobalSection(SolutionProperties) = preSolution
		HideSolutionNode = FALSE
	EndGlobalSection
	GlobalSection(ExtensibilityGlobals) = postSolution
		SolutionGuid = {68F0B936-9EF0-4E85-B550-D5E73000D1DC}
	EndGlobalSection
EndGlobal
